
Microsoft Visual Studio Solution File, Format Version 12.00
# Visual Studio Version 17
VisualStudioVersion = 17.5.002.0
MinimumVisualStudioVersion = 10.0.40219.1
Project("{9A19103F-16F7-4668-BE54-9A1E7A4F7556}") = "DesafioTrilhaNetPoo", "DesafioTrilhaNetPoo.csproj", "{A81ED0A9-86AE-4899-80B8-AB9985088599}"
EndProject
Global
	GlobalSection(SolutionConfigurationPlatforms) = preSolution
		Debug|Any CPU = Debug|Any CPU
		Release|Any CPU = Release|Any CPU
	EndGlobalSection
	GlobalSection(ProjectConfigurationPlatforms) = postSolution
		{A81ED0A9-86AE-4899-80B8-AB9985088599}.Debug|Any CPU.ActiveCfg = Debug|Any CPU
		{A81ED0A9-86AE-4899-80B8-AB9985088599}.Debug|Any CPU.Build.0 = Debug|Any CPU
		{A81ED0A9-86AE-4899-80B8-AB9985088599}.Release|Any CPU.ActiveCfg = Release|Any CPU
		{A81ED0A9-86AE-4899-80B8-AB9985088599}.Release|Any CPU.Build.0 = Release|Any CPU
	EndGlobalSection
	GlobalSection(SolutionProperties) = preSolution
		HideSolutionNode = FALSE
	EndGlobalSection
	GlobalSection(ExtensibilityGlobals) = postSolution
		SolutionGuid = {55DB8FD5-69AE-4E00-91F9-95B4A60AD965}
	EndGlobalSection
EndGlobal
